
Microsoft Visual Studio Solution File, Format Version 12.00
# Visual Studio Version 16
VisualStudioVersion = 16.0.32106.194
MinimumVisualStudioVersion = 10.0.40219.1
Project("{FAE04EC0-301F-11D3-BF4B-00C04F79EFBC}") = "Optimization", "Optimization\Optimization.csproj", "{B03F8B13-8467-4FE4-AA33-4E64DAFD027C}"
EndProject
Global
	GlobalSection(SolutionConfigurationPlatforms) = preSolution
		Debug|Any CPU = Debug|Any CPU
		Release|Any CPU = Release|Any CPU
	EndGlobalSection
	GlobalSection(ProjectConfigurationPlatforms) = postSolution
		{B03F8B13-8467-4FE4-AA33-4E64DAFD027C}.Debug|Any CPU.ActiveCfg = Debug|Any CPU
		{B03F8B13-8467-4FE4-AA33-4E64DAFD027C}.Debug|Any CPU.Build.0 = Debug|Any CPU
		{B03F8B13-8467-4FE4-AA33-4E64DAFD027C}.Release|Any CPU.ActiveCfg = Release|Any CPU
		{B03F8B13-8467-4FE4-AA33-4E64DAFD027C}.Release|Any CPU.Build.0 = Release|Any CPU
	EndGlobalSection
	GlobalSection(SolutionProperties) = preSolution
		HideSolutionNode = FALSE
	EndGlobalSection
	GlobalSection(ExtensibilityGlobals) = postSolution
		SolutionGuid = {A1478D04-2C4C-4E50-B022-EB03CBFF6326}
	EndGlobalSection
EndGlobal
