
Microsoft Visual Studio Solution File, Format Version 12.00
# Visual Studio Version 17
VisualStudioVersion = 17.0.31912.275
MinimumVisualStudioVersion = 10.0.40219.1
Project("{FAE04EC0-301F-11D3-BF4B-00C04F79EFBC}") = "MethodRungeKutaWF", "MethodRungeKutaWF\MethodRungeKutaWF.csproj", "{3F34408E-9132-4860-A347-CFB6B07247AA}"
EndProject
Global
	GlobalSection(SolutionConfigurationPlatforms) = preSolution
		Debug|Any CPU = Debug|Any CPU
		Release|Any CPU = Release|Any CPU
	EndGlobalSection
	GlobalSection(ProjectConfigurationPlatforms) = postSolution
		{3F34408E-9132-4860-A347-CFB6B07247AA}.Debug|Any CPU.ActiveCfg = Debug|Any CPU
		{3F34408E-9132-4860-A347-CFB6B07247AA}.Debug|Any CPU.Build.0 = Debug|Any CPU
		{3F34408E-9132-4860-A347-CFB6B07247AA}.Release|Any CPU.ActiveCfg = Release|Any CPU
		{3F34408E-9132-4860-A347-CFB6B07247AA}.Release|Any CPU.Build.0 = Release|Any CPU
	EndGlobalSection
	GlobalSection(SolutionProperties) = preSolution
		HideSolutionNode = FALSE
	EndGlobalSection
	GlobalSection(ExtensibilityGlobals) = postSolution
		SolutionGuid = {6B21F0CB-266C-47B2-A932-06B429ADF871}
	EndGlobalSection
EndGlobal
