
Microsoft Visual Studio Solution File, Format Version 12.00
# Visual Studio Version 16
VisualStudioVersion = 16.0.32228.343
MinimumVisualStudioVersion = 10.0.40219.1
Project("{FAE04EC0-301F-11D3-BF4B-00C04F79EFBC}") = "IntegralsGaus", "IntegralsGaus\IntegralsGaus.csproj", "{CA64765C-531E-4F01-96EA-89E46FE6B519}"
EndProject
Project("{FAE04EC0-301F-11D3-BF4B-00C04F79EFBC}") = "MathM", "MathM\MathM.csproj", "{4ACEDE55-0CAF-4343-BDA3-61AB98BDB2AB}"
EndProject
Global
	GlobalSection(SolutionConfigurationPlatforms) = preSolution
		Debug|Any CPU = Debug|Any CPU
		Release|Any CPU = Release|Any CPU
	EndGlobalSection
	GlobalSection(ProjectConfigurationPlatforms) = postSolution
		{CA64765C-531E-4F01-96EA-89E46FE6B519}.Debug|Any CPU.ActiveCfg = Debug|Any CPU
		{CA64765C-531E-4F01-96EA-89E46FE6B519}.Debug|Any CPU.Build.0 = Debug|Any CPU
		{CA64765C-531E-4F01-96EA-89E46FE6B519}.Release|Any CPU.ActiveCfg = Release|Any CPU
		{CA64765C-531E-4F01-96EA-89E46FE6B519}.Release|Any CPU.Build.0 = Release|Any CPU
		{4ACEDE55-0CAF-4343-BDA3-61AB98BDB2AB}.Debug|Any CPU.ActiveCfg = Debug|Any CPU
		{4ACEDE55-0CAF-4343-BDA3-61AB98BDB2AB}.Debug|Any CPU.Build.0 = Debug|Any CPU
		{4ACEDE55-0CAF-4343-BDA3-61AB98BDB2AB}.Release|Any CPU.ActiveCfg = Release|Any CPU
		{4ACEDE55-0CAF-4343-BDA3-61AB98BDB2AB}.Release|Any CPU.Build.0 = Release|Any CPU
	EndGlobalSection
	GlobalSection(SolutionProperties) = preSolution
		HideSolutionNode = FALSE
	EndGlobalSection
	GlobalSection(ExtensibilityGlobals) = postSolution
		SolutionGuid = {5A195940-B3B1-42C9-8233-A39F304783D9}
	EndGlobalSection
EndGlobal
