
Microsoft Visual Studio Solution File, Format Version 12.00
# Visual Studio Version 17
VisualStudioVersion = 17.3.32819.101
MinimumVisualStudioVersion = 10.0.40219.1
Project("{FAE04EC0-301F-11D3-BF4B-00C04F79EFBC}") = "CadMath", "CadMath\CadMath.csproj", "{02A8ADDE-1E2D-4A3E-8D95-9ACCCF4B8E5A}"
EndProject
Global
	GlobalSection(SolutionConfigurationPlatforms) = preSolution
		Debug|Any CPU = Debug|Any CPU
		Release|Any CPU = Release|Any CPU
	EndGlobalSection
	GlobalSection(ProjectConfigurationPlatforms) = postSolution
		{02A8ADDE-1E2D-4A3E-8D95-9ACCCF4B8E5A}.Debug|Any CPU.ActiveCfg = Debug|Any CPU
		{02A8ADDE-1E2D-4A3E-8D95-9ACCCF4B8E5A}.Debug|Any CPU.Build.0 = Debug|Any CPU
		{02A8ADDE-1E2D-4A3E-8D95-9ACCCF4B8E5A}.Release|Any CPU.ActiveCfg = Release|Any CPU
		{02A8ADDE-1E2D-4A3E-8D95-9ACCCF4B8E5A}.Release|Any CPU.Build.0 = Release|Any CPU
	EndGlobalSection
	GlobalSection(SolutionProperties) = preSolution
		HideSolutionNode = FALSE
	EndGlobalSection
	GlobalSection(ExtensibilityGlobals) = postSolution
		SolutionGuid = {9E2304BC-6780-493C-AF2F-F6974DDBF149}
	EndGlobalSection
EndGlobal
